// !$*UTF8*$!
{
	archiveVersion = 1;
	classes = {
	};
	objectVersion = 48;
	objects = {

/* Begin PBXBuildFile section */
		9ACA4CC81F7E7BDC00E0F396 /* MetodoPagoViewController.swift in Sources */ = {isa = PBXBuildFile; fileRef = 9ACA4CC71F7E7BDC00E0F396 /* MetodoPagoViewController.swift */; };
		9ACA4CCB1F7E86E600E0F396 /* Contacts.framework in Frameworks */ = {isa = PBXBuildFile; fileRef = 9ACA4CC91F7E86E600E0F396 /* Contacts.framework */; };
		9ACA4CCC1F7E86E600E0F396 /* ContactsUI.framework in Frameworks */ = {isa = PBXBuildFile; fileRef = 9ACA4CCA1F7E86E600E0F396 /* ContactsUI.framework */; };
		9ACA4CCE1F7E888F00E0F396 /* MessageUI.framework in Frameworks */ = {isa = PBXBuildFile; fileRef = 9ACA4CCD1F7E888E00E0F396 /* MessageUI.framework */; };
		9ACA4CD01F7EA93000E0F396 /* CoreLocation.framework in Frameworks */ = {isa = PBXBuildFile; fileRef = 9ACA4CCF1F7EA93000E0F396 /* CoreLocation.framework */; };
		9ACA4CD21F7EAED300E0F396 /* CoreMotion.framework in Frameworks */ = {isa = PBXBuildFile; fileRef = 9ACA4CD11F7EAED300E0F396 /* CoreMotion.framework */; };
		9AEF1BE61F731A1100A3B44A /* AppDelegate.swift in Sources */ = {isa = PBXBuildFile; fileRef = 9AEF1BE51F731A1100A3B44A /* AppDelegate.swift */; };
		9AEF1BE81F731A1100A3B44A /* ViewController.swift in Sources */ = {isa = PBXBuildFile; fileRef = 9AEF1BE71F731A1100A3B44A /* ViewController.swift */; };
		9AEF1BEB1F731A1100A3B44A /* Main.storyboard in Resources */ = {isa = PBXBuildFile; fileRef = 9AEF1BE91F731A1100A3B44A /* Main.storyboard */; };
		9AEF1BED1F731A1100A3B44A /* Assets.xcassets in Resources */ = {isa = PBXBuildFile; fileRef = 9AEF1BEC1F731A1100A3B44A /* Assets.xcassets */; };
		9AEF1BF01F731A1100A3B44A /* LaunchScreen.storyboard in Resources */ = {isa = PBXBuildFile; fileRef = 9AEF1BEE1F731A1100A3B44A /* LaunchScreen.storyboard */; };
		9AEF1BFB1F731A1100A3B44A /* TablaPlatosTests.swift in Sources */ = {isa = PBXBuildFile; fileRef = 9AEF1BFA1F731A1100A3B44A /* TablaPlatosTests.swift */; };
		9AEF1C061F731A1100A3B44A /* TablaPlatosUITests.swift in Sources */ = {isa = PBXBuildFile; fileRef = 9AEF1C051F731A1100A3B44A /* TablaPlatosUITests.swift */; };
		9AEF1C1A1F731B6100A3B44A /* Plato.swift in Sources */ = {isa = PBXBuildFile; fileRef = 9AEF1C191F731B6100A3B44A /* Plato.swift */; };
		9AEF1C1B1F731D3300A3B44A /* AFNetworking.framework in Frameworks */ = {isa = PBXBuildFile; fileRef = 9AEF1C1C1F731D3300A3B44A /* AFNetworking.framework */; };
		9AFDA4B71F7325C300B78B07 /* DetallePlatoViewController.swift in Sources */ = {isa = PBXBuildFile; fileRef = 9AFDA4B61F7325C300B78B07 /* DetallePlatoViewController.swift */; };
		C5E619D1D65ABF02E22C4D62 /* Pods_TablaPlatosTests.framework in Frameworks */ = {isa = PBXBuildFile; fileRef = 1E157DB9889E92830FD655C1 /* Pods_TablaPlatosTests.framework */; };
		D31FFB30A4D0DE6B6D8A17F8 /* Pods_TablaPlatos.framework in Frameworks */ = {isa = PBXBuildFile; fileRef = 3E228E73278F933C42FEB261 /* Pods_TablaPlatos.framework */; };
		EF75EAB4DF87F12B510AE70B /* Pods_TablaPlatosUITests.framework in Frameworks */ = {isa = PBXBuildFile; fileRef = 761C4B06917776623D9DB80D /* Pods_TablaPlatosUITests.framework */; };
/* End PBXBuildFile section */

/* Begin PBXContainerItemProxy section */
		9AEF1BF71F731A1100A3B44A /* PBXContainerItemProxy */ = {
			isa = PBXContainerItemProxy;
			containerPortal = 9AEF1BDA1F731A1100A3B44A /* Project object */;
			proxyType = 1;
			remoteGlobalIDString = 9AEF1BE11F731A1100A3B44A;
			remoteInfo = TablaPlatos;
		};
		9AEF1C021F731A1100A3B44A /* PBXContainerItemProxy */ = {
			isa = PBXContainerItemProxy;
			containerPortal = 9AEF1BDA1F731A1100A3B44A /* Project object */;
			proxyType = 1;
			remoteGlobalIDString = 9AEF1BE11F731A1100A3B44A;
			remoteInfo = TablaPlatos;
		};
/* End PBXContainerItemProxy section */

/* Begin PBXFileReference section */
		137C6909D8AAA3ACBE7344AD /* Pods-TablaPlatosUITests.debug.xcconfig */ = {isa = PBXFileReference; includeInIndex = 1; lastKnownFileType = text.xcconfig; name = "Pods-TablaPlatosUITests.debug.xcconfig"; path = "Pods/Target Support Files/Pods-TablaPlatosUITests/Pods-TablaPlatosUITests.debug.xcconfig"; sourceTree = "<group>"; };
		1A45D5128984D9ABB1B637C0 /* Pods-TablaPlatosTests.debug.xcconfig */ = {isa = PBXFileReference; includeInIndex = 1; lastKnownFileType = text.xcconfig; name = "Pods-TablaPlatosTests.debug.xcconfig"; path = "Pods/Target Support Files/Pods-TablaPlatosTests/Pods-TablaPlatosTests.debug.xcconfig"; sourceTree = "<group>"; };
		1E157DB9889E92830FD655C1 /* Pods_TablaPlatosTests.framework */ = {isa = PBXFileReference; explicitFileType = wrapper.framework; includeInIndex = 0; path = Pods_TablaPlatosTests.framework; sourceTree = BUILT_PRODUCTS_DIR; };
		21E36F3F61F0B23E32B3C7F5 /* Pods-TablaPlatosTests.release.xcconfig */ = {isa = PBXFileReference; includeInIndex = 1; lastKnownFileType = text.xcconfig; name = "Pods-TablaPlatosTests.release.xcconfig"; path = "Pods/Target Support Files/Pods-TablaPlatosTests/Pods-TablaPlatosTests.release.xcconfig"; sourceTree = "<group>"; };
		3E228E73278F933C42FEB261 /* Pods_TablaPlatos.framework */ = {isa = PBXFileReference; explicitFileType = wrapper.framework; includeInIndex = 0; path = Pods_TablaPlatos.framework; sourceTree = BUILT_PRODUCTS_DIR; };
		744DFE9BBB021F1C6547FC27 /* Pods-TablaPlatos.debug.xcconfig */ = {isa = PBXFileReference; includeInIndex = 1; lastKnownFileType = text.xcconfig; name = "Pods-TablaPlatos.debug.xcconfig"; path = "Pods/Target Support Files/Pods-TablaPlatos/Pods-TablaPlatos.debug.xcconfig"; sourceTree = "<group>"; };
		761C4B06917776623D9DB80D /* Pods_TablaPlatosUITests.framework */ = {isa = PBXFileReference; explicitFileType = wrapper.framework; includeInIndex = 0; path = Pods_TablaPlatosUITests.framework; sourceTree = BUILT_PRODUCTS_DIR; };
		9ACA4CC71F7E7BDC00E0F396 /* MetodoPagoViewController.swift */ = {isa = PBXFileReference; lastKnownFileType = sourcecode.swift; path = MetodoPagoViewController.swift; sourceTree = "<group>"; };
		9ACA4CC91F7E86E600E0F396 /* Contacts.framework */ = {isa = PBXFileReference; lastKnownFileType = wrapper.framework; name = Contacts.framework; path = System/Library/Frameworks/Contacts.framework; sourceTree = SDKROOT; };
		9ACA4CCA1F7E86E600E0F396 /* ContactsUI.framework */ = {isa = PBXFileReference; lastKnownFileType = wrapper.framework; name = ContactsUI.framework; path = System/Library/Frameworks/ContactsUI.framework; sourceTree = SDKROOT; };
		9ACA4CCD1F7E888E00E0F396 /* MessageUI.framework */ = {isa = PBXFileReference; lastKnownFileType = wrapper.framework; name = MessageUI.framework; path = System/Library/Frameworks/MessageUI.framework; sourceTree = SDKROOT; };
		9ACA4CCF1F7EA93000E0F396 /* CoreLocation.framework */ = {isa = PBXFileReference; lastKnownFileType = wrapper.framework; name = CoreLocation.framework; path = System/Library/Frameworks/CoreLocation.framework; sourceTree = SDKROOT; };
		9ACA4CD11F7EAED300E0F396 /* CoreMotion.framework */ = {isa = PBXFileReference; lastKnownFileType = wrapper.framework; name = CoreMotion.framework; path = System/Library/Frameworks/CoreMotion.framework; sourceTree = SDKROOT; };
		9AEF1BE21F731A1100A3B44A /* TablaPlatos.app */ = {isa = PBXFileReference; explicitFileType = wrapper.application; includeInIndex = 0; path = TablaPlatos.app; sourceTree = BUILT_PRODUCTS_DIR; };
		9AEF1BE51F731A1100A3B44A /* AppDelegate.swift */ = {isa = PBXFileReference; lastKnownFileType = sourcecode.swift; path = AppDelegate.swift; sourceTree = "<group>"; };
		9AEF1BE71F731A1100A3B44A /* ViewController.swift */ = {isa = PBXFileReference; lastKnownFileType = sourcecode.swift; path = ViewController.swift; sourceTree = "<group>"; };
		9AEF1BEA1F731A1100A3B44A /* Base */ = {isa = PBXFileReference; lastKnownFileType = file.storyboard; name = Base; path = Base.lproj/Main.storyboard; sourceTree = "<group>"; };
		9AEF1BEC1F731A1100A3B44A /* Assets.xcassets */ = {isa = PBXFileReference; lastKnownFileType = folder.assetcatalog; path = Assets.xcassets; sourceTree = "<group>"; };
		9AEF1BEF1F731A1100A3B44A /* Base */ = {isa = PBXFileReference; lastKnownFileType = file.storyboard; name = Base; path = Base.lproj/LaunchScreen.storyboard; sourceTree = "<group>"; };
		9AEF1BF11F731A1100A3B44A /* Info.plist */ = {isa = PBXFileReference; lastKnownFileType = text.plist.xml; path = Info.plist; sourceTree = "<group>"; };
		9AEF1BF61F731A1100A3B44A /* TablaPlatosTests.xctest */ = {isa = PBXFileReference; explicitFileType = wrapper.cfbundle; includeInIndex = 0; path = TablaPlatosTests.xctest; sourceTree = BUILT_PRODUCTS_DIR; };
		9AEF1BFA1F731A1100A3B44A /* TablaPlatosTests.swift */ = {isa = PBXFileReference; lastKnownFileType = sourcecode.swift; path = TablaPlatosTests.swift; sourceTree = "<group>"; };
		9AEF1BFC1F731A1100A3B44A /* Info.plist */ = {isa = PBXFileReference; lastKnownFileType = text.plist.xml; path = Info.plist; sourceTree = "<group>"; };
		9AEF1C011F731A1100A3B44A /* TablaPlatosUITests.xctest */ = {isa = PBXFileReference; explicitFileType = wrapper.cfbundle; includeInIndex = 0; path = TablaPlatosUITests.xctest; sourceTree = BUILT_PRODUCTS_DIR; };
		9AEF1C051F731A1100A3B44A /* TablaPlatosUITests.swift */ = {isa = PBXFileReference; lastKnownFileType = sourcecode.swift; path = TablaPlatosUITests.swift; sourceTree = "<group>"; };
		9AEF1C071F731A1100A3B44A /* Info.plist */ = {isa = PBXFileReference; lastKnownFileType = text.plist.xml; path = Info.plist; sourceTree = "<group>"; };
		9AEF1C191F731B6100A3B44A /* Plato.swift */ = {isa = PBXFileReference; lastKnownFileType = sourcecode.swift; path = Plato.swift; sourceTree = "<group>"; };
		9AEF1C1C1F731D3300A3B44A /* AFNetworking.framework */ = {isa = PBXFileReference; explicitFileType = wrapper.framework; path = AFNetworking.framework; sourceTree = BUILT_PRODUCTS_DIR; };
		9AFDA4B61F7325C300B78B07 /* DetallePlatoViewController.swift */ = {isa = PBXFileReference; lastKnownFileType = sourcecode.swift; path = DetallePlatoViewController.swift; sourceTree = "<group>"; };
		A5D404495B3F9051D0825928 /* Pods-TablaPlatosUITests.release.xcconfig */ = {isa = PBXFileReference; includeInIndex = 1; lastKnownFileType = text.xcconfig; name = "Pods-TablaPlatosUITests.release.xcconfig"; path = "Pods/Target Support Files/Pods-TablaPlatosUITests/Pods-TablaPlatosUITests.release.xcconfig"; sourceTree = "<group>"; };
		E7E250845B140C934B485FF8 /* Pods-TablaPlatos.release.xcconfig */ = {isa = PBXFileReference; includeInIndex = 1; lastKnownFileType = text.xcconfig; name = "Pods-TablaPlatos.release.xcconfig"; path = "Pods/Target Support Files/Pods-TablaPlatos/Pods-TablaPlatos.release.xcconfig"; sourceTree = "<group>"; };
/* End PBXFileReference section */

/* Begin PBXFrameworksBuildPhase section */
		9AEF1BDF1F731A1100A3B44A /* Frameworks */ = {
			isa = PBXFrameworksBuildPhase;
			buildActionMask = 2147483647;
			files = (
				9ACA4CD21F7EAED300E0F396 /* CoreMotion.framework in Frameworks */,
				9ACA4CD01F7EA93000E0F396 /* CoreLocation.framework in Frameworks */,
				9ACA4CCE1F7E888F00E0F396 /* MessageUI.framework in Frameworks */,
				9ACA4CCB1F7E86E600E0F396 /* Contacts.framework in Frameworks */,
				9ACA4CCC1F7E86E600E0F396 /* ContactsUI.framework in Frameworks */,
				9AEF1C1B1F731D3300A3B44A /* AFNetworking.framework in Frameworks */,
				D31FFB30A4D0DE6B6D8A17F8 /* Pods_TablaPlatos.framework in Frameworks */,
			);
			runOnlyForDeploymentPostprocessing = 0;
		};
		9AEF1BF31F731A1100A3B44A /* Frameworks */ = {
			isa = PBXFrameworksBuildPhase;
			buildActionMask = 2147483647;
			files = (
				C5E619D1D65ABF02E22C4D62 /* Pods_TablaPlatosTests.framework in Frameworks */,
			);
			runOnlyForDeploymentPostprocessing = 0;
		};
		9AEF1BFE1F731A1100A3B44A /* Frameworks */ = {
			isa = PBXFrameworksBuildPhase;
			buildActionMask = 2147483647;
			files = (
				EF75EAB4DF87F12B510AE70B /* Pods_TablaPlatosUITests.framework in Frameworks */,
			);
			runOnlyForDeploymentPostprocessing = 0;
		};
/* End PBXFrameworksBuildPhase section */

/* Begin PBXGroup section */
		4C9B6FCD9A9AA65F24DEB5E7 /* Frameworks */ = {
			isa = PBXGroup;
			children = (
				9ACA4CD11F7EAED300E0F396 /* CoreMotion.framework */,
				9ACA4CCF1F7EA93000E0F396 /* CoreLocation.framework */,
				9ACA4CCD1F7E888E00E0F396 /* MessageUI.framework */,
				9ACA4CC91F7E86E600E0F396 /* Contacts.framework */,
				9ACA4CCA1F7E86E600E0F396 /* ContactsUI.framework */,
				9AEF1C1C1F731D3300A3B44A /* AFNetworking.framework */,
				3E228E73278F933C42FEB261 /* Pods_TablaPlatos.framework */,
				1E157DB9889E92830FD655C1 /* Pods_TablaPlatosTests.framework */,
				761C4B06917776623D9DB80D /* Pods_TablaPlatosUITests.framework */,
			);
			name = Frameworks;
			sourceTree = "<group>";
		};
		9AEF1BD91F731A1100A3B44A = {
			isa = PBXGroup;
			children = (
				9AEF1BE41F731A1100A3B44A /* TablaPlatos */,
				9AEF1BF91F731A1100A3B44A /* TablaPlatosTests */,
				9AEF1C041F731A1100A3B44A /* TablaPlatosUITests */,
				9AEF1BE31F731A1100A3B44A /* Products */,
				9C8515A57120E3E405EF4DEB /* Pods */,
				4C9B6FCD9A9AA65F24DEB5E7 /* Frameworks */,
			);
			sourceTree = "<group>";
		};
		9AEF1BE31F731A1100A3B44A /* Products */ = {
			isa = PBXGroup;
			children = (
				9AEF1BE21F731A1100A3B44A /* TablaPlatos.app */,
				9AEF1BF61F731A1100A3B44A /* TablaPlatosTests.xctest */,
				9AEF1C011F731A1100A3B44A /* TablaPlatosUITests.xctest */,
			);
			name = Products;
			sourceTree = "<group>";
		};
		9AEF1BE41F731A1100A3B44A /* TablaPlatos */ = {
			isa = PBXGroup;
			children = (
				9AEF1BE51F731A1100A3B44A /* AppDelegate.swift */,
				9AFDA4B61F7325C300B78B07 /* DetallePlatoViewController.swift */,
				9ACA4CC71F7E7BDC00E0F396 /* MetodoPagoViewController.swift */,
				9AEF1BE71F731A1100A3B44A /* ViewController.swift */,
				9AEF1C181F731B2400A3B44A /* entities */,
				9AEF1BE91F731A1100A3B44A /* Main.storyboard */,
				9AEF1BEC1F731A1100A3B44A /* Assets.xcassets */,
				9AEF1BEE1F731A1100A3B44A /* LaunchScreen.storyboard */,
				9AEF1BF11F731A1100A3B44A /* Info.plist */,
			);
			path = TablaPlatos;
			sourceTree = "<group>";
		};
		9AEF1BF91F731A1100A3B44A /* TablaPlatosTests */ = {
			isa = PBXGroup;
			children = (
				9AEF1BFA1F731A1100A3B44A /* TablaPlatosTests.swift */,
				9AEF1BFC1F731A1100A3B44A /* Info.plist */,
			);
			path = TablaPlatosTests;
			sourceTree = "<group>";
		};
		9AEF1C041F731A1100A3B44A /* TablaPlatosUITests */ = {
			isa = PBXGroup;
			children = (
				9AEF1C051F731A1100A3B44A /* TablaPlatosUITests.swift */,
				9AEF1C071F731A1100A3B44A /* Info.plist */,
			);
			path = TablaPlatosUITests;
			sourceTree = "<group>";
		};
		9AEF1C181F731B2400A3B44A /* entities */ = {
			isa = PBXGroup;
			children = (
				9AEF1C191F731B6100A3B44A /* Plato.swift */,
			);
			path = entities;
			sourceTree = "<group>";
		};
		9C8515A57120E3E405EF4DEB /* Pods */ = {
			isa = PBXGroup;
			children = (
				744DFE9BBB021F1C6547FC27 /* Pods-TablaPlatos.debug.xcconfig */,
				E7E250845B140C934B485FF8 /* Pods-TablaPlatos.release.xcconfig */,
				1A45D5128984D9ABB1B637C0 /* Pods-TablaPlatosTests.debug.xcconfig */,
				21E36F3F61F0B23E32B3C7F5 /* Pods-TablaPlatosTests.release.xcconfig */,
				137C6909D8AAA3ACBE7344AD /* Pods-TablaPlatosUITests.debug.xcconfig */,
				A5D404495B3F9051D0825928 /* Pods-TablaPlatosUITests.release.xcconfig */,
			);
			name = Pods;
			sourceTree = "<group>";
		};
/* End PBXGroup section */

/* Begin PBXNativeTarget section */
		9AEF1BE11F731A1100A3B44A /* TablaPlatos */ = {
			isa = PBXNativeTarget;
			buildConfigurationList = 9AEF1C0A1F731A1100A3B44A /* Build configuration list for PBXNativeTarget "TablaPlatos" */;
			buildPhases = (
				89979A402CD11F419145CF1B /* [CP] Check Pods Manifest.lock */,
				9AEF1BDE1F731A1100A3B44A /* Sources */,
				9AEF1BDF1F731A1100A3B44A /* Frameworks */,
				9AEF1BE01F731A1100A3B44A /* Resources */,
				25DD4E0A979CC12B4B2263FD /* [CP] Embed Pods Frameworks */,
				F587A9D52395299E24C82ADC /* [CP] Copy Pods Resources */,
			);
			buildRules = (
			);
			dependencies = (
			);
			name = TablaPlatos;
			productName = TablaPlatos;
			productReference = 9AEF1BE21F731A1100A3B44A /* TablaPlatos.app */;
			productType = "com.apple.product-type.application";
		};
		9AEF1BF51F731A1100A3B44A /* TablaPlatosTests */ = {
			isa = PBXNativeTarget;
			buildConfigurationList = 9AEF1C0D1F731A1100A3B44A /* Build configuration list for PBXNativeTarget "TablaPlatosTests" */;
			buildPhases = (
				1599A9E4B4AF156C0C0A38C1 /* [CP] Check Pods Manifest.lock */,
				9AEF1BF21F731A1100A3B44A /* Sources */,
				9AEF1BF31F731A1100A3B44A /* Frameworks */,
				9AEF1BF41F731A1100A3B44A /* Resources */,
				63655F0B3F27A1CD040B6A31 /* [CP] Embed Pods Frameworks */,
				ABC63FA0178DE96D68A3DDD7 /* [CP] Copy Pods Resources */,
			);
			buildRules = (
			);
			dependencies = (
				9AEF1BF81F731A1100A3B44A /* PBXTargetDependency */,
			);
			name = TablaPlatosTests;
			productName = TablaPlatosTests;
			productReference = 9AEF1BF61F731A1100A3B44A /* TablaPlatosTests.xctest */;
			productType = "com.apple.product-type.bundle.unit-test";
		};
		9AEF1C001F731A1100A3B44A /* TablaPlatosUITests */ = {
			isa = PBXNativeTarget;
			buildConfigurationList = 9AEF1C101F731A1100A3B44A /* Build configuration list for PBXNativeTarget "TablaPlatosUITests" */;
			buildPhases = (
				93989DFD91889AE1C9E38F6C /* [CP] Check Pods Manifest.lock */,
				9AEF1BFD1F731A1100A3B44A /* Sources */,
				9AEF1BFE1F731A1100A3B44A /* Frameworks */,
				9AEF1BFF1F731A1100A3B44A /* Resources */,
				638769F553E04162B7105ED9 /* [CP] Embed Pods Frameworks */,
				3A18A98B12C832A628E4C19C /* [CP] Copy Pods Resources */,
			);
			buildRules = (
			);
			dependencies = (
				9AEF1C031F731A1100A3B44A /* PBXTargetDependency */,
			);
			name = TablaPlatosUITests;
			productName = TablaPlatosUITests;
			productReference = 9AEF1C011F731A1100A3B44A /* TablaPlatosUITests.xctest */;
			productType = "com.apple.product-type.bundle.ui-testing";
		};
/* End PBXNativeTarget section */

/* Begin PBXProject section */
		9AEF1BDA1F731A1100A3B44A /* Project object */ = {
			isa = PBXProject;
			attributes = {
				LastSwiftUpdateCheck = 0900;
				LastUpgradeCheck = 0900;
				ORGANIZATIONNAME = "Camilo Alfonso";
				TargetAttributes = {
					9AEF1BE11F731A1100A3B44A = {
						CreatedOnToolsVersion = 9.0;
						ProvisioningStyle = Automatic;
					};
					9AEF1BF51F731A1100A3B44A = {
						CreatedOnToolsVersion = 9.0;
						ProvisioningStyle = Automatic;
						TestTargetID = 9AEF1BE11F731A1100A3B44A;
					};
					9AEF1C001F731A1100A3B44A = {
						CreatedOnToolsVersion = 9.0;
						ProvisioningStyle = Automatic;
						TestTargetID = 9AEF1BE11F731A1100A3B44A;
					};
				};
			};
			buildConfigurationList = 9AEF1BDD1F731A1100A3B44A /* Build configuration list for PBXProject "TablaPlatos" */;
			compatibilityVersion = "Xcode 8.0";
			developmentRegion = en;
			hasScannedForEncodings = 0;
			knownRegions = (
				en,
				Base,
			);
			mainGroup = 9AEF1BD91F731A1100A3B44A;
			productRefGroup = 9AEF1BE31F731A1100A3B44A /* Products */;
			projectDirPath = "";
			projectRoot = "";
			targets = (
				9AEF1BE11F731A1100A3B44A /* TablaPlatos */,
				9AEF1BF51F731A1100A3B44A /* TablaPlatosTests */,
				9AEF1C001F731A1100A3B44A /* TablaPlatosUITests */,
			);
		};
/* End PBXProject section */

/* Begin PBXResourcesBuildPhase section */
		9AEF1BE01F731A1100A3B44A /* Resources */ = {
			isa = PBXResourcesBuildPhase;
			buildActionMask = 2147483647;
			files = (
				9AEF1BF01F731A1100A3B44A /* LaunchScreen.storyboard in Resources */,
				9AEF1BED1F731A1100A3B44A /* Assets.xcassets in Resources */,
				9AEF1BEB1F731A1100A3B44A /* Main.storyboard in Resources */,
			);
			runOnlyForDeploymentPostprocessing = 0;
		};
		9AEF1BF41F731A1100A3B44A /* Resources */ = {
			isa = PBXResourcesBuildPhase;
			buildActionMask = 2147483647;
			files = (
			);
			runOnlyForDeploymentPostprocessing = 0;
		};
		9AEF1BFF1F731A1100A3B44A /* Resources */ = {
			isa = PBXResourcesBuildPhase;
			buildActionMask = 2147483647;
			files = (
			);
			runOnlyForDeploymentPostprocessing = 0;
		};
/* End PBXResourcesBuildPhase section */

/* Begin PBXShellScriptBuildPhase section */
		1599A9E4B4AF156C0C0A38C1 /* [CP] Check Pods Manifest.lock */ = {
			isa = PBXShellScriptBuildPhase;
			buildActionMask = 2147483647;
			files = (
			);
			inputPaths = (
				"${PODS_PODFILE_DIR_PATH}/Podfile.lock",
				"${PODS_ROOT}/Manifest.lock",
			);
			name = "[CP] Check Pods Manifest.lock";
			outputPaths = (
				"$(DERIVED_FILE_DIR)/Pods-TablaPlatosTests-checkManifestLockResult.txt",
			);
			runOnlyForDeploymentPostprocessing = 0;
			shellPath = /bin/sh;
			shellScript = "diff \"${PODS_PODFILE_DIR_PATH}/Podfile.lock\" \"${PODS_ROOT}/Manifest.lock\" > /dev/null\nif [ $? != 0 ] ; then\n    # print error to STDERR\n    echo \"error: The sandbox is not in sync with the Podfile.lock. Run 'pod install' or update your CocoaPods installation.\" >&2\n    exit 1\nfi\n# This output is used by Xcode 'outputs' to avoid re-running this script phase.\necho \"SUCCESS\" > \"${SCRIPT_OUTPUT_FILE_0}\"\n";
			showEnvVarsInLog = 0;
		};
		25DD4E0A979CC12B4B2263FD /* [CP] Embed Pods Frameworks */ = {
			isa = PBXShellScriptBuildPhase;
			buildActionMask = 2147483647;
			files = (
			);
			inputPaths = (
				"${SRCROOT}/Pods/Target Support Files/Pods-TablaPlatos/Pods-TablaPlatos-frameworks.sh",
				"${BUILT_PRODUCTS_DIR}/AFNetworking/AFNetworking.framework",
			);
			name = "[CP] Embed Pods Frameworks";
			outputPaths = (
				"${TARGET_BUILD_DIR}/${FRAMEWORKS_FOLDER_PATH}/AFNetworking.framework",
			);
			runOnlyForDeploymentPostprocessing = 0;
			shellPath = /bin/sh;
			shellScript = "\"${SRCROOT}/Pods/Target Support Files/Pods-TablaPlatos/Pods-TablaPlatos-frameworks.sh\"\n";
			showEnvVarsInLog = 0;
		};
		3A18A98B12C832A628E4C19C /* [CP] Copy Pods Resources */ = {
			isa = PBXShellScriptBuildPhase;
			buildActionMask = 2147483647;
			files = (
			);
			inputPaths = (
			);
			name = "[CP] Copy Pods Resources";
			outputPaths = (
			);
			runOnlyForDeploymentPostprocessing = 0;
			shellPath = /bin/sh;
			shellScript = "\"${SRCROOT}/Pods/Target Support Files/Pods-TablaPlatosUITests/Pods-TablaPlatosUITests-resources.sh\"\n";
			showEnvVarsInLog = 0;
		};
		63655F0B3F27A1CD040B6A31 /* [CP] Embed Pods Frameworks */ = {
			isa = PBXShellScriptBuildPhase;
			buildActionMask = 2147483647;
			files = (
			);
			inputPaths = (
			);
			name = "[CP] Embed Pods Frameworks";
			outputPaths = (
			);
			runOnlyForDeploymentPostprocessing = 0;
			shellPath = /bin/sh;
			shellScript = "\"${SRCROOT}/Pods/Target Support Files/Pods-TablaPlatosTests/Pods-TablaPlatosTests-frameworks.sh\"\n";
			showEnvVarsInLog = 0;
		};
		638769F553E04162B7105ED9 /* [CP] Embed Pods Frameworks */ = {
			isa = PBXShellScriptBuildPhase;
			buildActionMask = 2147483647;
			files = (
			);
			inputPaths = (
			);
			name = "[CP] Embed Pods Frameworks";
			outputPaths = (
			);
			runOnlyForDeploymentPostprocessing = 0;
			shellPath = /bin/sh;
			shellScript = "\"${SRCROOT}/Pods/Target Support Files/Pods-TablaPlatosUITests/Pods-TablaPlatosUITests-frameworks.sh\"\n";
			showEnvVarsInLog = 0;
		};
		89979A402CD11F419145CF1B /* [CP] Check Pods Manifest.lock */ = {
			isa = PBXShellScriptBuildPhase;
			buildActionMask = 2147483647;
			files = (
			);
			inputPaths = (
				"${PODS_PODFILE_DIR_PATH}/Podfile.lock",
				"${PODS_ROOT}/Manifest.lock",
			);
			name = "[CP] Check Pods Manifest.lock";
			outputPaths = (
				"$(DERIVED_FILE_DIR)/Pods-TablaPlatos-checkManifestLockResult.txt",
			);
			runOnlyForDeploymentPostprocessing = 0;
			shellPath = /bin/sh;
			shellScript = "diff \"${PODS_PODFILE_DIR_PATH}/Podfile.lock\" \"${PODS_ROOT}/Manifest.lock\" > /dev/null\nif [ $? != 0 ] ; then\n    # print error to STDERR\n    echo \"error: The sandbox is not in sync with the Podfile.lock. Run 'pod install' or update your CocoaPods installation.\" >&2\n    exit 1\nfi\n# This output is used by Xcode 'outputs' to avoid re-running this script phase.\necho \"SUCCESS\" > \"${SCRIPT_OUTPUT_FILE_0}\"\n";
			showEnvVarsInLog = 0;
		};
		93989DFD91889AE1C9E38F6C /* [CP] Check Pods Manifest.lock */ = {
			isa = PBXShellScriptBuildPhase;
			buildActionMask = 2147483647;
			files = (
			);
			inputPaths = (
				"${PODS_PODFILE_DIR_PATH}/Podfile.lock",
				"${PODS_ROOT}/Manifest.lock",
			);
			name = "[CP] Check Pods Manifest.lock";
			outputPaths = (
				"$(DERIVED_FILE_DIR)/Pods-TablaPlatosUITests-checkManifestLockResult.txt",
			);
			runOnlyForDeploymentPostprocessing = 0;
			shellPath = /bin/sh;
			shellScript = "diff \"${PODS_PODFILE_DIR_PATH}/Podfile.lock\" \"${PODS_ROOT}/Manifest.lock\" > /dev/null\nif [ $? != 0 ] ; then\n    # print error to STDERR\n    echo \"error: The sandbox is not in sync with the Podfile.lock. Run 'pod install' or update your CocoaPods installation.\" >&2\n    exit 1\nfi\n# This output is used by Xcode 'outputs' to avoid re-running this script phase.\necho \"SUCCESS\" > \"${SCRIPT_OUTPUT_FILE_0}\"\n";
			showEnvVarsInLog = 0;
		};
		ABC63FA0178DE96D68A3DDD7 /* [CP] Copy Pods Resources */ = {
			isa = PBXShellScriptBuildPhase;
			buildActionMask = 2147483647;
			files = (
			);
			inputPaths = (
			);
			name = "[CP] Copy Pods Resources";
			outputPaths = (
			);
			runOnlyForDeploymentPostprocessing = 0;
			shellPath = /bin/sh;
			shellScript = "\"${SRCROOT}/Pods/Target Support Files/Pods-TablaPlatosTests/Pods-TablaPlatosTests-resources.sh\"\n";
			showEnvVarsInLog = 0;
		};
		F587A9D52395299E24C82ADC /* [CP] Copy Pods Resources */ = {
			isa = PBXShellScriptBuildPhase;
			buildActionMask = 2147483647;
			files = (
			);
			inputPaths = (
			);
			name = "[CP] Copy Pods Resources";
			outputPaths = (
			);
			runOnlyForDeploymentPostprocessing = 0;
			shellPath = /bin/sh;
			shellScript = "\"${SRCROOT}/Pods/Target Support Files/Pods-TablaPlatos/Pods-TablaPlatos-resources.sh\"\n";
			showEnvVarsInLog = 0;
		};
/* End PBXShellScriptBuildPhase section */

/* Begin PBXSourcesBuildPhase section */
		9AEF1BDE1F731A1100A3B44A /* Sources */ = {
			isa = PBXSourcesBuildPhase;
			buildActionMask = 2147483647;
			files = (
				9AEF1C1A1F731B6100A3B44A /* Plato.swift in Sources */,
				9AEF1BE81F731A1100A3B44A /* ViewController.swift in Sources */,
				9ACA4CC81F7E7BDC00E0F396 /* MetodoPagoViewController.swift in Sources */,
				9AFDA4B71F7325C300B78B07 /* DetallePlatoViewController.swift in Sources */,
				9AEF1BE61F731A1100A3B44A /* AppDelegate.swift in Sources */,
			);
			runOnlyForDeploymentPostprocessing = 0;
		};
		9AEF1BF21F731A1100A3B44A /* Sources */ = {
			isa = PBXSourcesBuildPhase;
			buildActionMask = 2147483647;
			files = (
				9AEF1BFB1F731A1100A3B44A /* TablaPlatosTests.swift in Sources */,
			);
			runOnlyForDeploymentPostprocessing = 0;
		};
		9AEF1BFD1F731A1100A3B44A /* Sources */ = {
			isa = PBXSourcesBuildPhase;
			buildActionMask = 2147483647;
			files = (
				9AEF1C061F731A1100A3B44A /* TablaPlatosUITests.swift in Sources */,
			);
			runOnlyForDeploymentPostprocessing = 0;
		};
/* End PBXSourcesBuildPhase section */

/* Begin PBXTargetDependency section */
		9AEF1BF81F731A1100A3B44A /* PBXTargetDependency */ = {
			isa = PBXTargetDependency;
			target = 9AEF1BE11F731A1100A3B44A /* TablaPlatos */;
			targetProxy = 9AEF1BF71F731A1100A3B44A /* PBXContainerItemProxy */;
		};
		9AEF1C031F731A1100A3B44A /* PBXTargetDependency */ = {
			isa = PBXTargetDependency;
			target = 9AEF1BE11F731A1100A3B44A /* TablaPlatos */;
			targetProxy = 9AEF1C021F731A1100A3B44A /* PBXContainerItemProxy */;
		};
/* End PBXTargetDependency section */

/* Begin PBXVariantGroup section */
		9AEF1BE91F731A1100A3B44A /* Main.storyboard */ = {
			isa = PBXVariantGroup;
			children = (
				9AEF1BEA1F731A1100A3B44A /* Base */,
			);
			name = Main.storyboard;
			sourceTree = "<group>";
		};
		9AEF1BEE1F731A1100A3B44A /* LaunchScreen.storyboard */ = {
			isa = PBXVariantGroup;
			children = (
				9AEF1BEF1F731A1100A3B44A /* Base */,
			);
			name = LaunchScreen.storyboard;
			sourceTree = "<group>";
		};
/* End PBXVariantGroup section */

/* Begin XCBuildConfiguration section */
		9AEF1C081F731A1100A3B44A /* Debug */ = {
			isa = XCBuildConfiguration;
			buildSettings = {
				ALWAYS_SEARCH_USER_PATHS = NO;
				CLANG_ANALYZER_NONNULL = YES;
				CLANG_ANALYZER_NUMBER_OBJECT_CONVERSION = YES_AGGRESSIVE;
				CLANG_CXX_LANGUAGE_STANDARD = "gnu++14";
				CLANG_CXX_LIBRARY = "libc++";
				CLANG_ENABLE_MODULES = YES;
				CLANG_ENABLE_OBJC_ARC = YES;
				CLANG_WARN_BLOCK_CAPTURE_AUTORELEASING = YES;
				CLANG_WARN_BOOL_CONVERSION = YES;
				CLANG_WARN_COMMA = YES;
				CLANG_WARN_CONSTANT_CONVERSION = YES;
				CLANG_WARN_DIRECT_OBJC_ISA_USAGE = YES_ERROR;
				CLANG_WARN_DOCUMENTATION_COMMENTS = YES;
				CLANG_WARN_EMPTY_BODY = YES;
				CLANG_WARN_ENUM_CONVERSION = YES;
				CLANG_WARN_INFINITE_RECURSION = YES;
				CLANG_WARN_INT_CONVERSION = YES;
				CLANG_WARN_NON_LITERAL_NULL_CONVERSION = YES;
				CLANG_WARN_OBJC_LITERAL_CONVERSION = YES;
				CLANG_WARN_OBJC_ROOT_CLASS = YES_ERROR;
				CLANG_WARN_RANGE_LOOP_ANALYSIS = YES;
				CLANG_WARN_STRICT_PROTOTYPES = YES;
				CLANG_WARN_SUSPICIOUS_MOVE = YES;
				CLANG_WARN_UNGUARDED_AVAILABILITY = YES_AGGRESSIVE;
				CLANG_WARN_UNREACHABLE_CODE = YES;
				CLANG_WARN__DUPLICATE_METHOD_MATCH = YES;
				CODE_SIGN_IDENTITY = "iPhone Developer";
				COPY_PHASE_STRIP = NO;
				DEBUG_INFORMATION_FORMAT = dwarf;
				ENABLE_STRICT_OBJC_MSGSEND = YES;
				ENABLE_TESTABILITY = YES;
				GCC_C_LANGUAGE_STANDARD = gnu11;
				GCC_DYNAMIC_NO_PIC = NO;
				GCC_NO_COMMON_BLOCKS = YES;
				GCC_OPTIMIZATION_LEVEL = 0;
				GCC_PREPROCESSOR_DEFINITIONS = (
					"DEBUG=1",
					"$(inherited)",
				);
				GCC_WARN_64_TO_32_BIT_CONVERSION = YES;
				GCC_WARN_ABOUT_RETURN_TYPE = YES_ERROR;
				GCC_WARN_UNDECLARED_SELECTOR = YES;
				GCC_WARN_UNINITIALIZED_AUTOS = YES_AGGRESSIVE;
				GCC_WARN_UNUSED_FUNCTION = YES;
				GCC_WARN_UNUSED_VARIABLE = YES;
				IPHONEOS_DEPLOYMENT_TARGET = 11.0;
				MTL_ENABLE_DEBUG_INFO = YES;
				ONLY_ACTIVE_ARCH = YES;
				SDKROOT = iphoneos;
				SWIFT_ACTIVE_COMPILATION_CONDITIONS = DEBUG;
				SWIFT_OPTIMIZATION_LEVEL = "-Onone";
			};
			name = Debug;
		};
		9AEF1C091F731A1100A3B44A /* Release */ = {
			isa = XCBuildConfiguration;
			buildSettings = {
				ALWAYS_SEARCH_USER_PATHS = NO;
				CLANG_ANALYZER_NONNULL = YES;
				CLANG_ANALYZER_NUMBER_OBJECT_CONVERSION = YES_AGGRESSIVE;
				CLANG_CXX_LANGUAGE_STANDARD = "gnu++14";
				CLANG_CXX_LIBRARY = "libc++";
				CLANG_ENABLE_MODULES = YES;
				CLANG_ENABLE_OBJC_ARC = YES;
				CLANG_WARN_BLOCK_CAPTURE_AUTORELEASING = YES;
				CLANG_WARN_BOOL_CONVERSION = YES;
				CLANG_WARN_COMMA = YES;
				CLANG_WARN_CONSTANT_CONVERSION = YES;
				CLANG_WARN_DIRECT_OBJC_ISA_USAGE = YES_ERROR;
				CLANG_WARN_DOCUMENTATION_COMMENTS = YES;
				CLANG_WARN_EMPTY_BODY = YES;
				CLANG_WARN_ENUM_CONVERSION = YES;
				CLANG_WARN_INFINITE_RECURSION = YES;
				CLANG_WARN_INT_CONVERSION = YES;
				CLANG_WARN_NON_LITERAL_NULL_CONVERSION = YES;
				CLANG_WARN_OBJC_LITERAL_CONVERSION = YES;
				CLANG_WARN_OBJC_ROOT_CLASS = YES_ERROR;
				CLANG_WARN_RANGE_LOOP_ANALYSIS = YES;
				CLANG_WARN_STRICT_PROTOTYPES = YES;
				CLANG_WARN_SUSPICIOUS_MOVE = YES;
				CLANG_WARN_UNGUARDED_AVAILABILITY = YES_AGGRESSIVE;
				CLANG_WARN_UNREACHABLE_CODE = YES;
				CLANG_WARN__DUPLICATE_METHOD_MATCH = YES;
				CODE_SIGN_IDENTITY = "iPhone Developer";
				COPY_PHASE_STRIP = NO;
				DEBUG_INFORMATION_FORMAT = "dwarf-with-dsym";
				ENABLE_NS_ASSERTIONS = NO;
				ENABLE_STRICT_OBJC_MSGSEND = YES;
				GCC_C_LANGUAGE_STANDARD = gnu11;
				GCC_NO_COMMON_BLOCKS = YES;
				GCC_WARN_64_TO_32_BIT_CONVERSION = YES;
				GCC_WARN_ABOUT_RETURN_TYPE = YES_ERROR;
				GCC_WARN_UNDECLARED_SELECTOR = YES;
				GCC_WARN_UNINITIALIZED_AUTOS = YES_AGGRESSIVE;
				GCC_WARN_UNUSED_FUNCTION = YES;
				GCC_WARN_UNUSED_VARIABLE = YES;
				IPHONEOS_DEPLOYMENT_TARGET = 11.0;
				MTL_ENABLE_DEBUG_INFO = NO;
				SDKROOT = iphoneos;
				SWIFT_OPTIMIZATION_LEVEL = "-Owholemodule";
				VALIDATE_PRODUCT = YES;
			};
			name = Release;
		};
		9AEF1C0B1F731A1100A3B44A /* Debug */ = {
			isa = XCBuildConfiguration;
			baseConfigurationReference = 744DFE9BBB021F1C6547FC27 /* Pods-TablaPlatos.debug.xcconfig */;
			buildSettings = {
				ASSETCATALOG_COMPILER_APPICON_NAME = AppIcon;
				CODE_SIGN_STYLE = Automatic;
				DEVELOPMENT_TEAM = D8J2KWDHXR;
				INFOPLIST_FILE = TablaPlatos/Info.plist;
				IPHONEOS_DEPLOYMENT_TARGET = 10.0;
				LD_RUNPATH_SEARCH_PATHS = "$(inherited) @executable_path/Frameworks";
				PRODUCT_BUNDLE_IDENTIFIER = com.camiloalfonso.TablaPlatos;
				PRODUCT_NAME = "$(TARGET_NAME)";
				SWIFT_VERSION = 4.0;
				TARGETED_DEVICE_FAMILY = "1,2";
			};
			name = Debug;
		};
		9AEF1C0C1F731A1100A3B44A /* Release */ = {
			isa = XCBuildConfiguration;
			baseConfigurationReference = E7E250845B140C934B485FF8 /* Pods-TablaPlatos.release.xcconfig */;
			buildSettings = {
				ASSETCATALOG_COMPILER_APPICON_NAME = AppIcon;
				CODE_SIGN_STYLE = Automatic;
				DEVELOPMENT_TEAM = D8J2KWDHXR;
				INFOPLIST_FILE = TablaPlatos/Info.plist;
				IPHONEOS_DEPLOYMENT_TARGET = 10.0;
				LD_RUNPATH_SEARCH_PATHS = "$(inherited) @executable_path/Frameworks";
				PRODUCT_BUNDLE_IDENTIFIER = com.camiloalfonso.TablaPlatos;
				PRODUCT_NAME = "$(TARGET_NAME)";
				SWIFT_VERSION = 4.0;
				TARGETED_DEVICE_FAMILY = "1,2";
			};
			name = Release;
		};
		9AEF1C0E1F731A1100A3B44A /* Debug */ = {
			isa = XCBuildConfiguration;
			baseConfigurationReference = 1A45D5128984D9ABB1B637C0 /* Pods-TablaPlatosTests.debug.xcconfig */;
			buildSettings = {
				ALWAYS_EMBED_SWIFT_STANDARD_LIBRARIES = YES;
				BUNDLE_LOADER = "$(TEST_HOST)";
				CODE_SIGN_STYLE = Automatic;
				DEVELOPMENT_TEAM = D8J2KWDHXR;
				INFOPLIST_FILE = TablaPlatosTests/Info.plist;
				LD_RUNPATH_SEARCH_PATHS = "$(inherited) @executable_path/Frameworks @loader_path/Frameworks";
				PRODUCT_BUNDLE_IDENTIFIER = com.camiloalfonso.TablaPlatosTests;
				PRODUCT_NAME = "$(TARGET_NAME)";
				SWIFT_VERSION = 4.0;
				TARGETED_DEVICE_FAMILY = "1,2";
				TEST_HOST = "$(BUILT_PRODUCTS_DIR)/TablaPlatos.app/TablaPlatos";
			};
			name = Debug;
		};
		9AEF1C0F1F731A1100A3B44A /* Release */ = {
			isa = XCBuildConfiguration;
			baseConfigurationReference = 21E36F3F61F0B23E32B3C7F5 /* Pods-TablaPlatosTests.release.xcconfig */;
			buildSettings = {
				ALWAYS_EMBED_SWIFT_STANDARD_LIBRARIES = YES;
				BUNDLE_LOADER = "$(TEST_HOST)";
				CODE_SIGN_STYLE = Automatic;
				DEVELOPMENT_TEAM = D8J2KWDHXR;
				INFOPLIST_FILE = TablaPlatosTests/Info.plist;
				LD_RUNPATH_SEARCH_PATHS = "$(inherited) @executable_path/Frameworks @loader_path/Frameworks";
				PRODUCT_BUNDLE_IDENTIFIER = com.camiloalfonso.TablaPlatosTests;
				PRODUCT_NAME = "$(TARGET_NAME)";
				SWIFT_VERSION = 4.0;
				TARGETED_DEVICE_FAMILY = "1,2";
				TEST_HOST = "$(BUILT_PRODUCTS_DIR)/TablaPlatos.app/TablaPlatos";
			};
			name = Release;
		};
		9AEF1C111F731A1100A3B44A /* Debug */ = {
			isa = XCBuildConfiguration;
			baseConfigurationReference = 137C6909D8AAA3ACBE7344AD /* Pods-TablaPlatosUITests.debug.xcconfig */;
			buildSettings = {
				ALWAYS_EMBED_SWIFT_STANDARD_LIBRARIES = YES;
				CODE_SIGN_STYLE = Automatic;
				DEVELOPMENT_TEAM = D8J2KWDHXR;
				INFOPLIST_FILE = TablaPlatosUITests/Info.plist;
				LD_RUNPATH_SEARCH_PATHS = "$(inherited) @executable_path/Frameworks @loader_path/Frameworks";
				PRODUCT_BUNDLE_IDENTIFIER = com.camiloalfonso.TablaPlatosUITests;
				PRODUCT_NAME = "$(TARGET_NAME)";
				SWIFT_VERSION = 4.0;
				TARGETED_DEVICE_FAMILY = "1,2";
				TEST_TARGET_NAME = TablaPlatos;
			};
			name = Debug;
		};
		9AEF1C121F731A1100A3B44A /* Release */ = {
			isa = XCBuildConfiguration;
			baseConfigurationReference = A5D404495B3F9051D0825928 /* Pods-TablaPlatosUITests.release.xcconfig */;
			buildSettings = {
				ALWAYS_EMBED_SWIFT_STANDARD_LIBRARIES = YES;
				CODE_SIGN_STYLE = Automatic;
				DEVELOPMENT_TEAM = D8J2KWDHXR;
				INFOPLIST_FILE = TablaPlatosUITests/Info.plist;
				LD_RUNPATH_SEARCH_PATHS = "$(inherited) @executable_path/Frameworks @loader_path/Frameworks";
				PRODUCT_BUNDLE_IDENTIFIER = com.camiloalfonso.TablaPlatosUITests;
				PRODUCT_NAME = "$(TARGET_NAME)";
				SWIFT_VERSION = 4.0;
				TARGETED_DEVICE_FAMILY = "1,2";
				TEST_TARGET_NAME = TablaPlatos;
			};
			name = Release;
		};
/* End XCBuildConfiguration section */

/* Begin XCConfigurationList section */
		9AEF1BDD1F731A1100A3B44A /* Build configuration list for PBXProject "TablaPlatos" */ = {
			isa = XCConfigurationList;
			buildConfigurations = (
				9AEF1C081F731A1100A3B44A /* Debug */,
				9AEF1C091F731A1100A3B44A /* Release */,
			);
			defaultConfigurationIsVisible = 0;
			defaultConfigurationName = Release;
		};
		9AEF1C0A1F731A1100A3B44A /* Build configuration list for PBXNativeTarget "TablaPlatos" */ = {
			isa = XCConfigurationList;
			buildConfigurations = (
				9AEF1C0B1F731A1100A3B44A /* Debug */,
				9AEF1C0C1F731A1100A3B44A /* Release */,
			);
			defaultConfigurationIsVisible = 0;
			defaultConfigurationName = Release;
		};
		9AEF1C0D1F731A1100A3B44A /* Build configuration list for PBXNativeTarget "TablaPlatosTests" */ = {
			isa = XCConfigurationList;
			buildConfigurations = (
				9AEF1C0E1F731A1100A3B44A /* Debug */,
				9AEF1C0F1F731A1100A3B44A /* Release */,
			);
			defaultConfigurationIsVisible = 0;
			defaultConfigurationName = Release;
		};
		9AEF1C101F731A1100A3B44A /* Build configuration list for PBXNativeTarget "TablaPlatosUITests" */ = {
			isa = XCConfigurationList;
			buildConfigurations = (
				9AEF1C111F731A1100A3B44A /* Debug */,
				9AEF1C121F731A1100A3B44A /* Release */,
			);
			defaultConfigurationIsVisible = 0;
			defaultConfigurationName = Release;
		};
/* End XCConfigurationList section */
	};
	rootObject = 9AEF1BDA1F731A1100A3B44A /* Project object */;
}
